{
  "name": "minima-example",
  "version": "1.0.0",
  "lockfileVersion": 1,
  "requires": true,
  "dependencies": {
    "minima": {
      "version": "git+https://git@github.com/r4reejh/minima.git#d3f8e890273b12207745a84ed5a05de4a5506d9d",
      "from": "git+https://git@github.com/r4reejh/minima.git"
    }
  }
}
